
Microsoft Visual Studio Solution File, Format Version 12.00
# Visual Studio Version 16
VisualStudioVersion = 16.0.31205.134
MinimumVisualStudioVersion = 10.0.40219.1
Project("{FAE04EC0-301F-11D3-BF4B-00C04F79EFBC}") = "EventsDelegates", "EventsDelegates.csproj", "{1232E9CD-03FF-4994-ADB0-E35B73BE6386}"
EndProject
Global
	GlobalSection(SolutionConfigurationPlatforms) = preSolution
		Debug|Any CPU = Debug|Any CPU
		Release|Any CPU = Release|Any CPU
	EndGlobalSection
	GlobalSection(ProjectConfigurationPlatforms) = postSolution
		{1232E9CD-03FF-4994-ADB0-E35B73BE6386}.Debug|Any CPU.ActiveCfg = Debug|Any CPU
		{1232E9CD-03FF-4994-ADB0-E35B73BE6386}.Debug|Any CPU.Build.0 = Debug|Any CPU
		{1232E9CD-03FF-4994-ADB0-E35B73BE6386}.Release|Any CPU.ActiveCfg = Release|Any CPU
		{1232E9CD-03FF-4994-ADB0-E35B73BE6386}.Release|Any CPU.Build.0 = Release|Any CPU
	EndGlobalSection
	GlobalSection(SolutionProperties) = preSolution
		HideSolutionNode = FALSE
	EndGlobalSection
	GlobalSection(ExtensibilityGlobals) = postSolution
		SolutionGuid = {51342C02-580B-4D11-8098-D5F4FCC23C4E}
	EndGlobalSection
EndGlobal
